
Microsoft Visual Studio Solution File, Format Version 12.00
# Visual Studio Version 17
VisualStudioVersion = 17.14.36518.9 d17.14
MinimumVisualStudioVersion = 10.0.40219.1
Project("{FAE04EC0-301F-11D3-BF4B-00C04F79EFBC}") = "ECommerceApp", "ECommerceApp\ECommerceApp.csproj", "{858D4697-B8B2-47F3-A962-8C5616C0CBE1}"
EndProject
Global
	GlobalSection(SolutionConfigurationPlatforms) = preSolution
		Debug|Any CPU = Debug|Any CPU
		Release|Any CPU = Release|Any CPU
	EndGlobalSection
	GlobalSection(ProjectConfigurationPlatforms) = postSolution
		{858D4697-B8B2-47F3-A962-8C5616C0CBE1}.Debug|Any CPU.ActiveCfg = Debug|Any CPU
		{858D4697-B8B2-47F3-A962-8C5616C0CBE1}.Debug|Any CPU.Build.0 = Debug|Any CPU
		{858D4697-B8B2-47F3-A962-8C5616C0CBE1}.Release|Any CPU.ActiveCfg = Release|Any CPU
		{858D4697-B8B2-47F3-A962-8C5616C0CBE1}.Release|Any CPU.Build.0 = Release|Any CPU
	EndGlobalSection
	GlobalSection(SolutionProperties) = preSolution
		HideSolutionNode = FALSE
	EndGlobalSection
	GlobalSection(ExtensibilityGlobals) = postSolution
		SolutionGuid = {03A811ED-E3E8-4E59-8985-104C58762D7B}
	EndGlobalSection
EndGlobal
