
Microsoft Visual Studio Solution File, Format Version 12.00
# Visual Studio Version 17
VisualStudioVersion = 17.14.36518.9 d17.14
MinimumVisualStudioVersion = 10.0.40219.1
Project("{FAE04EC0-301F-11D3-BF4B-00C04F79EFBC}") = "DAY15", "DAY15\DAY15.csproj", "{1CFC11FD-8531-4F5B-B087-DA47922CE542}"
EndProject
Global
	GlobalSection(SolutionConfigurationPlatforms) = preSolution
		Debug|Any CPU = Debug|Any CPU
		Release|Any CPU = Release|Any CPU
	EndGlobalSection
	GlobalSection(ProjectConfigurationPlatforms) = postSolution
		{1CFC11FD-8531-4F5B-B087-DA47922CE542}.Debug|Any CPU.ActiveCfg = Debug|Any CPU
		{1CFC11FD-8531-4F5B-B087-DA47922CE542}.Debug|Any CPU.Build.0 = Debug|Any CPU
		{1CFC11FD-8531-4F5B-B087-DA47922CE542}.Release|Any CPU.ActiveCfg = Release|Any CPU
		{1CFC11FD-8531-4F5B-B087-DA47922CE542}.Release|Any CPU.Build.0 = Release|Any CPU
	EndGlobalSection
	GlobalSection(SolutionProperties) = preSolution
		HideSolutionNode = FALSE
	EndGlobalSection
	GlobalSection(ExtensibilityGlobals) = postSolution
		SolutionGuid = {2EA15E1B-AB78-4CA9-BD1C-D63B49A49760}
	EndGlobalSection
EndGlobal
